[[tools."aqua:nextest-rs/nextest/cargo-nextest"]]
version = "0.9.120"
backend = "aqua:nextest-rs/nextest/cargo-nextest"
"platforms.linux-arm64" = { checksum = "sha256:5e13751733a1fc4d26984ad5e1bce10d057d95299b02ed3ac96877b7288c8feb", url = "https://github.com/nextest-rs/nextest/releases/download/cargo-nextest-0.9.120/cargo-nextest-0.9.120-aarch64-unknown-linux-gnu.tar.gz"}
"platforms.linux-x64" = { checksum = "sha256:e00511fc23241ffd3ca1d95b23bde8a9cd0fb96bb691a9957a909ba74e7a5238", url = "https://github.com/nextest-rs/nextest/releases/download/cargo-nextest-0.9.120/cargo-nextest-0.9.120-x86_64-unknown-linux-musl.tar.gz"}
"platforms.macos-arm64" = { checksum = "sha256:e2aa5a27bfdac66c913346985a1ceff50ab9590b846798440464410bd5a309b9", url = "https://github.com/nextest-rs/nextest/releases/download/cargo-nextest-0.9.120/cargo-nextest-0.9.120-universal-apple-darwin.tar.gz"}
"platforms.macos-x64" = { checksum = "sha256:e2aa5a27bfdac66c913346985a1ceff50ab9590b846798440464410bd5a309b9", url = "https://github.com/nextest-rs/nextest/releases/download/cargo-nextest-0.9.120/cargo-nextest-0.9.120-universal-apple-darwin.tar.gz"}
"platforms.windows-x64" = { checksum = "sha256:b579c608d6ba1658655b0c2c7f265c07002b4b75d53906b9c2aa9a2042967037", url = "https://github.com/nextest-rs/nextest/releases/download/cargo-nextest-0.9.120/cargo-nextest-0.9.120-x86_64-pc-windows-msvc.tar.gz"}

[[tools."http:clitest"]]
version = "latest"
backend = "http:clitest"
"platforms.linux-x64" = { checksum = "blake3:6eb6e7fd02547c634a2b76735fd510ff3e23782f1461a6b0f9cfaf79d8e32376", url = "https://raw.githubusercontent.com/aureliojargas/clitest/master/clitest"}

[[tools."http:clitest"]]
version = "6eb6e7f"
backend = "http:clitest"

[[tools.jq]]
version = "1.8.1"
backend = "aqua:jqlang/jq"
"platforms.linux-arm64" = { checksum = "sha256:6bc62f25981328edd3cfcfe6fe51b073f2d7e7710d7ef7fcdac28d4e384fc3d4", url = "https://github.com/jqlang/jq/releases/download/jq-1.8.1/jq-linux-arm64"}
"platforms.linux-x64" = { checksum = "sha256:020468de7539ce70ef1bceaf7cde2e8c4f2ca6c3afb84642aabc5c97d9fc2a0d", url = "https://github.com/jqlang/jq/releases/download/jq-1.8.1/jq-linux-amd64"}
"platforms.macos-arm64" = { checksum = "sha256:a9fe3ea2f86dfc72f6728417521ec9067b343277152b114f4e98d8cb0e263603", url = "https://github.com/jqlang/jq/releases/download/jq-1.8.1/jq-macos-arm64"}
"platforms.macos-x64" = { checksum = "sha256:e80dbe0d2a2597e3c11c404f03337b981d74b4a8504b70586c354b7697a7c27f", url = "https://github.com/jqlang/jq/releases/download/jq-1.8.1/jq-macos-amd64"}
"platforms.windows-x64" = { checksum = "sha256:23cb60a1354eed6bcc8d9b9735e8c7b388cd1fdcb75726b93bc299ef22dd9334", url = "https://github.com/jqlang/jq/releases/download/jq-1.8.1/jq-windows-amd64.exe"}

[[tools.rust]]
version = "1.94.0"
backend = "core:rust"

[[tools.rust-analyzer]]
version = "2026-01-05"
backend = "aqua:rust-lang/rust-analyzer"
"platforms.linux-arm64" = { checksum = "sha256:c4a2da956937a0c4c284b42539a4389757df325031633926170bd286005c5285", url = "https://github.com/rust-lang/rust-analyzer/releases/download/2026-01-05/rust-analyzer-aarch64-unknown-linux-gnu.gz"}
"platforms.linux-x64" = { checksum = "sha256:d64775378e32e9cd887cb232f287621ae348305d30bb25fa4902bb8754d2c236", url = "https://github.com/rust-lang/rust-analyzer/releases/download/2026-01-05/rust-analyzer-x86_64-unknown-linux-gnu.gz"}
"platforms.macos-arm64" = { checksum = "sha256:a8ba266ef655bd46fefe04161613eb05a5b93c41e0ad179cfa9915e6fe696dc1", url = "https://github.com/rust-lang/rust-analyzer/releases/download/2026-01-05/rust-analyzer-aarch64-apple-darwin.gz"}
"platforms.macos-x64" = { checksum = "sha256:ecb8d3201ad2a0aabc4cd71c74dbcec8eb667fe3afabf2c12a95f9298cacbf1c", url = "https://github.com/rust-lang/rust-analyzer/releases/download/2026-01-05/rust-analyzer-x86_64-apple-darwin.gz"}
"platforms.windows-x64" = { checksum = "sha256:cada23f7192f0b807a09af1392772ccf6c660ac3da5c19ef0e04292f4405a34b", url = "https://github.com/rust-lang/rust-analyzer/releases/download/2026-01-05/rust-analyzer-x86_64-pc-windows-msvc.zip"}
